// !$*UTF8*$!
{
	archiveVersion = 1;
	classes = {
	};
	objectVersion = 51;
	objects = {

/* Begin PBXBuildFile section */
		5FE1B18ECB85B09FCDBBE381 /* Pods_Instagram.framework in Frameworks */ = {isa = PBXBuildFile; fileRef = A30DDAF090F60688C19BB85A /* Pods_Instagram.framework */; };
		69080E9C250564E700F560E5 /* Models.swift in Sources */ = {isa = PBXBuildFile; fileRef = 69080E9B250564E700F560E5 /* Models.swift */; };
		6939CBAE24EED64700A82AAB /* Extensions.swift in Sources */ = {isa = PBXBuildFile; fileRef = 6939CBAD24EED64700A82AAB /* Extensions.swift */; };
		696BB32B25041E4700900769 /* FormTableViewCell.swift in Sources */ = {isa = PBXBuildFile; fileRef = 696BB32A25041E4700900769 /* FormTableViewCell.swift */; };
		696BB32E2504272D00900769 /* PhotoCollectionViewCell.swift in Sources */ = {isa = PBXBuildFile; fileRef = 696BB32D2504272D00900769 /* PhotoCollectionViewCell.swift */; };
		696BB3302504279700900769 /* ProfileInfoHeaderCollectionReusableView.swift in Sources */ = {isa = PBXBuildFile; fileRef = 696BB32F2504279700900769 /* ProfileInfoHeaderCollectionReusableView.swift */; };
		696BB332250427EA00900769 /* ProfileTabsCollectionReusableView.swift in Sources */ = {isa = PBXBuildFile; fileRef = 696BB331250427EA00900769 /* ProfileTabsCollectionReusableView.swift */; };
		697739CE24ED7FA5003052F9 /* AppDelegate.swift in Sources */ = {isa = PBXBuildFile; fileRef = 697739CD24ED7FA5003052F9 /* AppDelegate.swift */; };
		697739D024ED7FA5003052F9 /* SceneDelegate.swift in Sources */ = {isa = PBXBuildFile; fileRef = 697739CF24ED7FA5003052F9 /* SceneDelegate.swift */; };
		697739D224ED7FA5003052F9 /* HomeViewController.swift in Sources */ = {isa = PBXBuildFile; fileRef = 697739D124ED7FA5003052F9 /* HomeViewController.swift */; };
		697739D524ED7FA5003052F9 /* Main.storyboard in Resources */ = {isa = PBXBuildFile; fileRef = 697739D324ED7FA5003052F9 /* Main.storyboard */; };
		697739D724ED7FA7003052F9 /* Assets.xcassets in Resources */ = {isa = PBXBuildFile; fileRef = 697739D624ED7FA7003052F9 /* Assets.xcassets */; };
		697739DA24ED7FA7003052F9 /* LaunchScreen.storyboard in Resources */ = {isa = PBXBuildFile; fileRef = 697739D824ED7FA7003052F9 /* LaunchScreen.storyboard */; };
		697739E724ED8124003052F9 /* ExploreViewController.swift in Sources */ = {isa = PBXBuildFile; fileRef = 697739E624ED8124003052F9 /* ExploreViewController.swift */; };
		697739E924ED81C4003052F9 /* CameraViewController.swift in Sources */ = {isa = PBXBuildFile; fileRef = 697739E824ED81C4003052F9 /* CameraViewController.swift */; };
		697739EB24ED8242003052F9 /* NotificationsViewController.swift in Sources */ = {isa = PBXBuildFile; fileRef = 697739EA24ED8242003052F9 /* NotificationsViewController.swift */; };
		697739ED24ED8259003052F9 /* ProfileViewController.swift in Sources */ = {isa = PBXBuildFile; fileRef = 697739EC24ED8259003052F9 /* ProfileViewController.swift */; };
		697739F224ED836D003052F9 /* LoginViewController.swift in Sources */ = {isa = PBXBuildFile; fileRef = 697739F124ED836D003052F9 /* LoginViewController.swift */; };
		697739F424ED8384003052F9 /* RegistrationViewController.swift in Sources */ = {isa = PBXBuildFile; fileRef = 697739F324ED8384003052F9 /* RegistrationViewController.swift */; };
		697739F624ED83C1003052F9 /* PostViewController.swift in Sources */ = {isa = PBXBuildFile; fileRef = 697739F524ED83C1003052F9 /* PostViewController.swift */; };
		697739F824ED83E9003052F9 /* EditProfileViewController.swift in Sources */ = {isa = PBXBuildFile; fileRef = 697739F724ED83E9003052F9 /* EditProfileViewController.swift */; };
		697739FA24ED83FE003052F9 /* SettingsViewController.swift in Sources */ = {isa = PBXBuildFile; fileRef = 697739F924ED83FE003052F9 /* SettingsViewController.swift */; };
		697739FC24ED8419003052F9 /* ListViewController.swift in Sources */ = {isa = PBXBuildFile; fileRef = 697739FB24ED8419003052F9 /* ListViewController.swift */; };
		697739FE24ED8434003052F9 /* SearchViewController.swift in Sources */ = {isa = PBXBuildFile; fileRef = 697739FD24ED8434003052F9 /* SearchViewController.swift */; };
		69773A0024ED844D003052F9 /* SearchResultViewController.swift in Sources */ = {isa = PBXBuildFile; fileRef = 697739FF24ED844D003052F9 /* SearchResultViewController.swift */; };
		69773A0224ED84C8003052F9 /* PostEditorViewController.swift in Sources */ = {isa = PBXBuildFile; fileRef = 69773A0124ED84C8003052F9 /* PostEditorViewController.swift */; };
		69773A0424ED84E7003052F9 /* PublishPostViewController.swift in Sources */ = {isa = PBXBuildFile; fileRef = 69773A0324ED84E7003052F9 /* PublishPostViewController.swift */; };
		6998229F25035E37001E6B45 /* IGFeedPostTableViewCell.swift in Sources */ = {isa = PBXBuildFile; fileRef = 6998229E25035E37001E6B45 /* IGFeedPostTableViewCell.swift */; };
		699822A225036066001E6B45 /* IGFeedPostHeaderTableViewCell.swift in Sources */ = {isa = PBXBuildFile; fileRef = 699822A125036066001E6B45 /* IGFeedPostHeaderTableViewCell.swift */; };
		699822A425036096001E6B45 /* IGFeedPostActionsTableViewCell.swift in Sources */ = {isa = PBXBuildFile; fileRef = 699822A325036096001E6B45 /* IGFeedPostActionsTableViewCell.swift */; };
		699822A6250360D3001E6B45 /* IGFeedPostGeneralTableViewCell.swift in Sources */ = {isa = PBXBuildFile; fileRef = 699822A5250360D3001E6B45 /* IGFeedPostGeneralTableViewCell.swift */; };
		69AA558924EDABC100EA2303 /* GoogleService-Info.plist in Resources */ = {isa = PBXBuildFile; fileRef = 69AA558824EDABC100EA2303 /* GoogleService-Info.plist */; };
		69AA558D24EDB32B00EA2303 /* DatabaseManager.swift in Sources */ = {isa = PBXBuildFile; fileRef = 69AA558C24EDB32B00EA2303 /* DatabaseManager.swift */; };
		69AA558F24EDB47500EA2303 /* AuthManager.swift in Sources */ = {isa = PBXBuildFile; fileRef = 69AA558E24EDB47500EA2303 /* AuthManager.swift */; };
		69AA559124EDB4CC00EA2303 /* StorageManager.swift in Sources */ = {isa = PBXBuildFile; fileRef = 69AA559024EDB4CC00EA2303 /* StorageManager.swift */; };
/* End PBXBuildFile section */

/* Begin PBXFileReference section */
		049C6080DA5F46C4B8351E8E /* Pods-Instagram.debug.xcconfig */ = {isa = PBXFileReference; includeInIndex = 1; lastKnownFileType = text.xcconfig; name = "Pods-Instagram.debug.xcconfig"; path = "Target Support Files/Pods-Instagram/Pods-Instagram.debug.xcconfig"; sourceTree = "<group>"; };
		69080E9B250564E700F560E5 /* Models.swift */ = {isa = PBXFileReference; lastKnownFileType = sourcecode.swift; path = Models.swift; sourceTree = "<group>"; };
		6939CBAD24EED64700A82AAB /* Extensions.swift */ = {isa = PBXFileReference; lastKnownFileType = sourcecode.swift; path = Extensions.swift; sourceTree = "<group>"; };
		696BB32A25041E4700900769 /* FormTableViewCell.swift */ = {isa = PBXFileReference; lastKnownFileType = sourcecode.swift; path = FormTableViewCell.swift; sourceTree = "<group>"; };
		696BB32D2504272D00900769 /* PhotoCollectionViewCell.swift */ = {isa = PBXFileReference; lastKnownFileType = sourcecode.swift; path = PhotoCollectionViewCell.swift; sourceTree = "<group>"; };
		696BB32F2504279700900769 /* ProfileInfoHeaderCollectionReusableView.swift */ = {isa = PBXFileReference; lastKnownFileType = sourcecode.swift; path = ProfileInfoHeaderCollectionReusableView.swift; sourceTree = "<group>"; };
		696BB331250427EA00900769 /* ProfileTabsCollectionReusableView.swift */ = {isa = PBXFileReference; lastKnownFileType = sourcecode.swift; path = ProfileTabsCollectionReusableView.swift; sourceTree = "<group>"; };
		697739CA24ED7FA5003052F9 /* Instagram.app */ = {isa = PBXFileReference; explicitFileType = wrapper.application; includeInIndex = 0; path = Instagram.app; sourceTree = BUILT_PRODUCTS_DIR; };
		697739CD24ED7FA5003052F9 /* AppDelegate.swift */ = {isa = PBXFileReference; lastKnownFileType = sourcecode.swift; path = AppDelegate.swift; sourceTree = "<group>"; };
		697739CF24ED7FA5003052F9 /* SceneDelegate.swift */ = {isa = PBXFileReference; lastKnownFileType = sourcecode.swift; path = SceneDelegate.swift; sourceTree = "<group>"; };
		697739D124ED7FA5003052F9 /* HomeViewController.swift */ = {isa = PBXFileReference; lastKnownFileType = sourcecode.swift; path = HomeViewController.swift; sourceTree = "<group>"; };
		697739D424ED7FA5003052F9 /* Base */ = {isa = PBXFileReference; lastKnownFileType = file.storyboard; name = Base; path = Base.lproj/Main.storyboard; sourceTree = "<group>"; };
		697739D624ED7FA7003052F9 /* Assets.xcassets */ = {isa = PBXFileReference; lastKnownFileType = folder.assetcatalog; path = Assets.xcassets; sourceTree = "<group>"; };
		697739D924ED7FA7003052F9 /* Base */ = {isa = PBXFileReference; lastKnownFileType = file.storyboard; name = Base; path = Base.lproj/LaunchScreen.storyboard; sourceTree = "<group>"; };
		697739DB24ED7FA7003052F9 /* Info.plist */ = {isa = PBXFileReference; lastKnownFileType = text.plist.xml; path = Info.plist; sourceTree = "<group>"; };
		697739E624ED8124003052F9 /* ExploreViewController.swift */ = {isa = PBXFileReference; lastKnownFileType = sourcecode.swift; path = ExploreViewController.swift; sourceTree = "<group>"; };
		697739E824ED81C4003052F9 /* CameraViewController.swift */ = {isa = PBXFileReference; lastKnownFileType = sourcecode.swift; path = CameraViewController.swift; sourceTree = "<group>"; };
		697739EA24ED8242003052F9 /* NotificationsViewController.swift */ = {isa = PBXFileReference; lastKnownFileType = sourcecode.swift; path = NotificationsViewController.swift; sourceTree = "<group>"; };
		697739EC24ED8259003052F9 /* ProfileViewController.swift */ = {isa = PBXFileReference; lastKnownFileType = sourcecode.swift; path = ProfileViewController.swift; sourceTree = "<group>"; };
		697739F124ED836D003052F9 /* LoginViewController.swift */ = {isa = PBXFileReference; lastKnownFileType = sourcecode.swift; path = LoginViewController.swift; sourceTree = "<group>"; };
		697739F324ED8384003052F9 /* RegistrationViewController.swift */ = {isa = PBXFileReference; lastKnownFileType = sourcecode.swift; path = RegistrationViewController.swift; sourceTree = "<group>"; };
		697739F524ED83C1003052F9 /* PostViewController.swift */ = {isa = PBXFileReference; lastKnownFileType = sourcecode.swift; path = PostViewController.swift; sourceTree = "<group>"; };
		697739F724ED83E9003052F9 /* EditProfileViewController.swift */ = {isa = PBXFileReference; lastKnownFileType = sourcecode.swift; path = EditProfileViewController.swift; sourceTree = "<group>"; };
		697739F924ED83FE003052F9 /* SettingsViewController.swift */ = {isa = PBXFileReference; lastKnownFileType = sourcecode.swift; path = SettingsViewController.swift; sourceTree = "<group>"; };
		697739FB24ED8419003052F9 /* ListViewController.swift */ = {isa = PBXFileReference; lastKnownFileType = sourcecode.swift; path = ListViewController.swift; sourceTree = "<group>"; };
		697739FD24ED8434003052F9 /* SearchViewController.swift */ = {isa = PBXFileReference; lastKnownFileType = sourcecode.swift; path = SearchViewController.swift; sourceTree = "<group>"; };
		697739FF24ED844D003052F9 /* SearchResultViewController.swift */ = {isa = PBXFileReference; lastKnownFileType = sourcecode.swift; path = SearchResultViewController.swift; sourceTree = "<group>"; };
		69773A0124ED84C8003052F9 /* PostEditorViewController.swift */ = {isa = PBXFileReference; lastKnownFileType = sourcecode.swift; path = PostEditorViewController.swift; sourceTree = "<group>"; };
		69773A0324ED84E7003052F9 /* PublishPostViewController.swift */ = {isa = PBXFileReference; lastKnownFileType = sourcecode.swift; path = PublishPostViewController.swift; sourceTree = "<group>"; };
		6998229E25035E37001E6B45 /* IGFeedPostTableViewCell.swift */ = {isa = PBXFileReference; lastKnownFileType = sourcecode.swift; path = IGFeedPostTableViewCell.swift; sourceTree = "<group>"; };
		699822A125036066001E6B45 /* IGFeedPostHeaderTableViewCell.swift */ = {isa = PBXFileReference; lastKnownFileType = sourcecode.swift; path = IGFeedPostHeaderTableViewCell.swift; sourceTree = "<group>"; };
		699822A325036096001E6B45 /* IGFeedPostActionsTableViewCell.swift */ = {isa = PBXFileReference; lastKnownFileType = sourcecode.swift; path = IGFeedPostActionsTableViewCell.swift; sourceTree = "<group>"; };
		699822A5250360D3001E6B45 /* IGFeedPostGeneralTableViewCell.swift */ = {isa = PBXFileReference; lastKnownFileType = sourcecode.swift; path = IGFeedPostGeneralTableViewCell.swift; sourceTree = "<group>"; };
		69AA558824EDABC100EA2303 /* GoogleService-Info.plist */ = {isa = PBXFileReference; fileEncoding = 4; lastKnownFileType = text.plist.xml; path = "GoogleService-Info.plist"; sourceTree = "<group>"; };
		69AA558C24EDB32B00EA2303 /* DatabaseManager.swift */ = {isa = PBXFileReference; lastKnownFileType = sourcecode.swift; path = DatabaseManager.swift; sourceTree = "<group>"; };
		69AA558E24EDB47500EA2303 /* AuthManager.swift */ = {isa = PBXFileReference; lastKnownFileType = sourcecode.swift; path = AuthManager.swift; sourceTree = "<group>"; };
		69AA559024EDB4CC00EA2303 /* StorageManager.swift */ = {isa = PBXFileReference; lastKnownFileType = sourcecode.swift; path = StorageManager.swift; sourceTree = "<group>"; };
		A30DDAF090F60688C19BB85A /* Pods_Instagram.framework */ = {isa = PBXFileReference; explicitFileType = wrapper.framework; includeInIndex = 0; path = Pods_Instagram.framework; sourceTree = BUILT_PRODUCTS_DIR; };
		D7347659BC89C141DBCD6563 /* Pods-Instagram.release.xcconfig */ = {isa = PBXFileReference; includeInIndex = 1; lastKnownFileType = text.xcconfig; name = "Pods-Instagram.release.xcconfig"; path = "Target Support Files/Pods-Instagram/Pods-Instagram.release.xcconfig"; sourceTree = "<group>"; };
/* End PBXFileReference section */

/* Begin PBXFrameworksBuildPhase section */
		697739C724ED7FA5003052F9 /* Frameworks */ = {
			isa = PBXFrameworksBuildPhase;
			buildActionMask = 2147483647;
			files = (
				5FE1B18ECB85B09FCDBBE381 /* Pods_Instagram.framework in Frameworks */,
			);
			runOnlyForDeploymentPostprocessing = 0;
		};
/* End PBXFrameworksBuildPhase section */

/* Begin PBXGroup section */
		09D71B47177ECAD8BAE8BD92 /* Pods */ = {
			isa = PBXGroup;
			children = (
				049C6080DA5F46C4B8351E8E /* Pods-Instagram.debug.xcconfig */,
				D7347659BC89C141DBCD6563 /* Pods-Instagram.release.xcconfig */,
			);
			path = Pods;
			sourceTree = "<group>";
		};
		696BB32C250426E900900769 /* CollectionView Headers */ = {
			isa = PBXGroup;
			children = (
				696BB32F2504279700900769 /* ProfileInfoHeaderCollectionReusableView.swift */,
				696BB331250427EA00900769 /* ProfileTabsCollectionReusableView.swift */,
			);
			path = "CollectionView Headers";
			sourceTree = "<group>";
		};
		697739C124ED7FA5003052F9 = {
			isa = PBXGroup;
			children = (
				697739CC24ED7FA5003052F9 /* Instagram */,
				697739CB24ED7FA5003052F9 /* Products */,
				09D71B47177ECAD8BAE8BD92 /* Pods */,
				B7E7AB4902BF614F9AE04E8B /* Frameworks */,
			);
			sourceTree = "<group>";
		};
		697739CB24ED7FA5003052F9 /* Products */ = {
			isa = PBXGroup;
			children = (
				697739CA24ED7FA5003052F9 /* Instagram.app */,
			);
			name = Products;
			sourceTree = "<group>";
		};
		697739CC24ED7FA5003052F9 /* Instagram */ = {
			isa = PBXGroup;
			children = (
				697739E424ED8031003052F9 /* Resources */,
				697739E324ED8022003052F9 /* Models */,
				697739E224ED8018003052F9 /* Views */,
				697739E124ED7FFD003052F9 /* Controllers */,
				697739DB24ED7FA7003052F9 /* Info.plist */,
			);
			path = Instagram;
			sourceTree = "<group>";
		};
		697739E124ED7FFD003052F9 /* Controllers */ = {
			isa = PBXGroup;
			children = (
				697739EF24ED8340003052F9 /* Other */,
				697739EE24ED8291003052F9 /* Core Tabs */,
			);
			path = Controllers;
			sourceTree = "<group>";
		};
		697739E224ED8018003052F9 /* Views */ = {
			isa = PBXGroup;
			children = (
				696BB32C250426E900900769 /* CollectionView Headers */,
				6998229D25035DE4001E6B45 /* Cells */,
				697739D624ED7FA7003052F9 /* Assets.xcassets */,
				697739E524ED807E003052F9 /* Storyboards */,
			);
			path = Views;
			sourceTree = "<group>";
		};
		697739E324ED8022003052F9 /* Models */ = {
			isa = PBXGroup;
			children = (
				69080E9B250564E700F560E5 /* Models.swift */,
			);
			path = Models;
			sourceTree = "<group>";
		};
		697739E424ED8031003052F9 /* Resources */ = {
			isa = PBXGroup;
			children = (
				69AA558824EDABC100EA2303 /* GoogleService-Info.plist */,
				697739CD24ED7FA5003052F9 /* AppDelegate.swift */,
				697739CF24ED7FA5003052F9 /* SceneDelegate.swift */,
				69AA558C24EDB32B00EA2303 /* DatabaseManager.swift */,
				69AA558E24EDB47500EA2303 /* AuthManager.swift */,
				69AA559024EDB4CC00EA2303 /* StorageManager.swift */,
				6939CBAD24EED64700A82AAB /* Extensions.swift */,
			);
			path = Resources;
			sourceTree = "<group>";
		};
		697739E524ED807E003052F9 /* Storyboards */ = {
			isa = PBXGroup;
			children = (
				697739D324ED7FA5003052F9 /* Main.storyboard */,
				697739D824ED7FA7003052F9 /* LaunchScreen.storyboard */,
			);
			path = Storyboards;
			sourceTree = "<group>";
		};
		697739EE24ED8291003052F9 /* Core Tabs */ = {
			isa = PBXGroup;
			children = (
				697739D124ED7FA5003052F9 /* HomeViewController.swift */,
				697739E624ED8124003052F9 /* ExploreViewController.swift */,
				697739E824ED81C4003052F9 /* CameraViewController.swift */,
				697739EA24ED8242003052F9 /* NotificationsViewController.swift */,
				697739EC24ED8259003052F9 /* ProfileViewController.swift */,
			);
			path = "Core Tabs";
			sourceTree = "<group>";
		};
		697739EF24ED8340003052F9 /* Other */ = {
			isa = PBXGroup;
			children = (
				697739F024ED8351003052F9 /* Onboarding */,
				69AA558A24EDB27300EA2303 /* General */,
			);
			path = Other;
			sourceTree = "<group>";
		};
		697739F024ED8351003052F9 /* Onboarding */ = {
			isa = PBXGroup;
			children = (
				697739F124ED836D003052F9 /* LoginViewController.swift */,
				697739F324ED8384003052F9 /* RegistrationViewController.swift */,
			);
			path = Onboarding;
			sourceTree = "<group>";
		};
		6998229D25035DE4001E6B45 /* Cells */ = {
			isa = PBXGroup;
			children = (
				699822A02503601F001E6B45 /* Home Feed */,
				696BB32A25041E4700900769 /* FormTableViewCell.swift */,
				696BB32D2504272D00900769 /* PhotoCollectionViewCell.swift */,
			);
			path = Cells;
			sourceTree = "<group>";
		};
		699822A02503601F001E6B45 /* Home Feed */ = {
			isa = PBXGroup;
			children = (
				6998229E25035E37001E6B45 /* IGFeedPostTableViewCell.swift */,
				699822A125036066001E6B45 /* IGFeedPostHeaderTableViewCell.swift */,
				699822A325036096001E6B45 /* IGFeedPostActionsTableViewCell.swift */,
				699822A5250360D3001E6B45 /* IGFeedPostGeneralTableViewCell.swift */,
			);
			path = "Home Feed";
			sourceTree = "<group>";
		};
		69AA558A24EDB27300EA2303 /* General */ = {
			isa = PBXGroup;
			children = (
				697739F924ED83FE003052F9 /* SettingsViewController.swift */,
				697739F524ED83C1003052F9 /* PostViewController.swift */,
				697739F724ED83E9003052F9 /* EditProfileViewController.swift */,
				697739FB24ED8419003052F9 /* ListViewController.swift */,
				697739FD24ED8434003052F9 /* SearchViewController.swift */,
				697739FF24ED844D003052F9 /* SearchResultViewController.swift */,
				69773A0124ED84C8003052F9 /* PostEditorViewController.swift */,
				69773A0324ED84E7003052F9 /* PublishPostViewController.swift */,
			);
			path = General;
			sourceTree = "<group>";
		};
		B7E7AB4902BF614F9AE04E8B /* Frameworks */ = {
			isa = PBXGroup;
			children = (
				A30DDAF090F60688C19BB85A /* Pods_Instagram.framework */,
			);
			name = Frameworks;
			sourceTree = "<group>";
		};
/* End PBXGroup section */

/* Begin PBXNativeTarget section */
		697739C924ED7FA5003052F9 /* Instagram */ = {
			isa = PBXNativeTarget;
			buildConfigurationList = 697739DE24ED7FA7003052F9 /* Build configuration list for PBXNativeTarget "Instagram" */;
			buildPhases = (
				B3DD2AD3B7F1F5CEB218812A /* [CP] Check Pods Manifest.lock */,
				697739C624ED7FA5003052F9 /* Sources */,
				697739C724ED7FA5003052F9 /* Frameworks */,
				697739C824ED7FA5003052F9 /* Resources */,
				5E9599044550E26856D97296 /* [CP] Embed Pods Frameworks */,
			);
			buildRules = (
			);
			dependencies = (
			);
			name = Instagram;
			productName = Instagram;
			productReference = 697739CA24ED7FA5003052F9 /* Instagram.app */;
			productType = "com.apple.product-type.application";
		};
/* End PBXNativeTarget section */

/* Begin PBXProject section */
		697739C224ED7FA5003052F9 /* Project object */ = {
			isa = PBXProject;
			attributes = {
				LastSwiftUpdateCheck = 1160;
				LastUpgradeCheck = 1160;
				ORGANIZATIONNAME = Ilya;
				TargetAttributes = {
					697739C924ED7FA5003052F9 = {
						CreatedOnToolsVersion = 11.6;
					};
				};
			};
			buildConfigurationList = 697739C524ED7FA5003052F9 /* Build configuration list for PBXProject "Instagram" */;
			compatibilityVersion = "Xcode 9.3";
			developmentRegion = en;
			hasScannedForEncodings = 0;
			knownRegions = (
				en,
				Base,
			);
			mainGroup = 697739C124ED7FA5003052F9;
			productRefGroup = 697739CB24ED7FA5003052F9 /* Products */;
			projectDirPath = "";
			projectRoot = "";
			targets = (
				697739C924ED7FA5003052F9 /* Instagram */,
			);
		};
/* End PBXProject section */

/* Begin PBXResourcesBuildPhase section */
		697739C824ED7FA5003052F9 /* Resources */ = {
			isa = PBXResourcesBuildPhase;
			buildActionMask = 2147483647;
			files = (
				697739DA24ED7FA7003052F9 /* LaunchScreen.storyboard in Resources */,
				69AA558924EDABC100EA2303 /* GoogleService-Info.plist in Resources */,
				697739D724ED7FA7003052F9 /* Assets.xcassets in Resources */,
				697739D524ED7FA5003052F9 /* Main.storyboard in Resources */,
			);
			runOnlyForDeploymentPostprocessing = 0;
		};
/* End PBXResourcesBuildPhase section */

/* Begin PBXShellScriptBuildPhase section */
		5E9599044550E26856D97296 /* [CP] Embed Pods Frameworks */ = {
			isa = PBXShellScriptBuildPhase;
			buildActionMask = 2147483647;
			files = (
			);
			inputFileListPaths = (
				"${PODS_ROOT}/Target Support Files/Pods-Instagram/Pods-Instagram-frameworks-${CONFIGURATION}-input-files.xcfilelist",
			);
			name = "[CP] Embed Pods Frameworks";
			outputFileListPaths = (
				"${PODS_ROOT}/Target Support Files/Pods-Instagram/Pods-Instagram-frameworks-${CONFIGURATION}-output-files.xcfilelist",
			);
			runOnlyForDeploymentPostprocessing = 0;
			shellPath = /bin/sh;
			shellScript = "\"${PODS_ROOT}/Target Support Files/Pods-Instagram/Pods-Instagram-frameworks.sh\"\n";
			showEnvVarsInLog = 0;
		};
		B3DD2AD3B7F1F5CEB218812A /* [CP] Check Pods Manifest.lock */ = {
			isa = PBXShellScriptBuildPhase;
			buildActionMask = 2147483647;
			files = (
			);
			inputFileListPaths = (
			);
			inputPaths = (
				"${PODS_PODFILE_DIR_PATH}/Podfile.lock",
				"${PODS_ROOT}/Manifest.lock",
			);
			name = "[CP] Check Pods Manifest.lock";
			outputFileListPaths = (
			);
			outputPaths = (
				"$(DERIVED_FILE_DIR)/Pods-Instagram-checkManifestLockResult.txt",
			);
			runOnlyForDeploymentPostprocessing = 0;
			shellPath = /bin/sh;
			shellScript = "diff \"${PODS_PODFILE_DIR_PATH}/Podfile.lock\" \"${PODS_ROOT}/Manifest.lock\" > /dev/null\nif [ $? != 0 ] ; then\n    # print error to STDERR\n    echo \"error: The sandbox is not in sync with the Podfile.lock. Run 'pod install' or update your CocoaPods installation.\" >&2\n    exit 1\nfi\n# This output is used by Xcode 'outputs' to avoid re-running this script phase.\necho \"SUCCESS\" > \"${SCRIPT_OUTPUT_FILE_0}\"\n";
			showEnvVarsInLog = 0;
		};
/* End PBXShellScriptBuildPhase section */

/* Begin PBXSourcesBuildPhase section */
		697739C624ED7FA5003052F9 /* Sources */ = {
			isa = PBXSourcesBuildPhase;
			buildActionMask = 2147483647;
			files = (
				697739F824ED83E9003052F9 /* EditProfileViewController.swift in Sources */,
				697739E724ED8124003052F9 /* ExploreViewController.swift in Sources */,
				69773A0424ED84E7003052F9 /* PublishPostViewController.swift in Sources */,
				697739E924ED81C4003052F9 /* CameraViewController.swift in Sources */,
				697739D224ED7FA5003052F9 /* HomeViewController.swift in Sources */,
				697739F424ED8384003052F9 /* RegistrationViewController.swift in Sources */,
				699822A225036066001E6B45 /* IGFeedPostHeaderTableViewCell.swift in Sources */,
				69773A0224ED84C8003052F9 /* PostEditorViewController.swift in Sources */,
				69AA559124EDB4CC00EA2303 /* StorageManager.swift in Sources */,
				69080E9C250564E700F560E5 /* Models.swift in Sources */,
				696BB32B25041E4700900769 /* FormTableViewCell.swift in Sources */,
				697739F624ED83C1003052F9 /* PostViewController.swift in Sources */,
				696BB332250427EA00900769 /* ProfileTabsCollectionReusableView.swift in Sources */,
				69AA558D24EDB32B00EA2303 /* DatabaseManager.swift in Sources */,
				697739EB24ED8242003052F9 /* NotificationsViewController.swift in Sources */,
				6998229F25035E37001E6B45 /* IGFeedPostTableViewCell.swift in Sources */,
				696BB32E2504272D00900769 /* PhotoCollectionViewCell.swift in Sources */,
				69773A0024ED844D003052F9 /* SearchResultViewController.swift in Sources */,
				697739F224ED836D003052F9 /* LoginViewController.swift in Sources */,
				6939CBAE24EED64700A82AAB /* Extensions.swift in Sources */,
				699822A6250360D3001E6B45 /* IGFeedPostGeneralTableViewCell.swift in Sources */,
				697739FE24ED8434003052F9 /* SearchViewController.swift in Sources */,
				696BB3302504279700900769 /* ProfileInfoHeaderCollectionReusableView.swift in Sources */,
				697739ED24ED8259003052F9 /* ProfileViewController.swift in Sources */,
				69AA558F24EDB47500EA2303 /* AuthManager.swift in Sources */,
				697739CE24ED7FA5003052F9 /* AppDelegate.swift in Sources */,
				697739D024ED7FA5003052F9 /* SceneDelegate.swift in Sources */,
				699822A425036096001E6B45 /* IGFeedPostActionsTableViewCell.swift in Sources */,
				697739FC24ED8419003052F9 /* ListViewController.swift in Sources */,
				697739FA24ED83FE003052F9 /* SettingsViewController.swift in Sources */,
			);
			runOnlyForDeploymentPostprocessing = 0;
		};
/* End PBXSourcesBuildPhase section */

/* Begin PBXVariantGroup section */
		697739D324ED7FA5003052F9 /* Main.storyboard */ = {
			isa = PBXVariantGroup;
			children = (
				697739D424ED7FA5003052F9 /* Base */,
			);
			name = Main.storyboard;
			sourceTree = "<group>";
		};
		697739D824ED7FA7003052F9 /* LaunchScreen.storyboard */ = {
			isa = PBXVariantGroup;
			children = (
				697739D924ED7FA7003052F9 /* Base */,
			);
			name = LaunchScreen.storyboard;
			sourceTree = "<group>";
		};
/* End PBXVariantGroup section */

/* Begin XCBuildConfiguration section */
		697739DC24ED7FA7003052F9 /* Debug */ = {
			isa = XCBuildConfiguration;
			buildSettings = {
				ALWAYS_SEARCH_USER_PATHS = NO;
				CLANG_ANALYZER_NONNULL = YES;
				CLANG_ANALYZER_NUMBER_OBJECT_CONVERSION = YES_AGGRESSIVE;
				CLANG_CXX_LANGUAGE_STANDARD = "gnu++14";
				CLANG_CXX_LIBRARY = "libc++";
				CLANG_ENABLE_MODULES = YES;
				CLANG_ENABLE_OBJC_ARC = YES;
				CLANG_ENABLE_OBJC_WEAK = YES;
				CLANG_WARN_BLOCK_CAPTURE_AUTORELEASING = YES;
				CLANG_WARN_BOOL_CONVERSION = YES;
				CLANG_WARN_COMMA = YES;
				CLANG_WARN_CONSTANT_CONVERSION = YES;
				CLANG_WARN_DEPRECATED_OBJC_IMPLEMENTATIONS = YES;
				CLANG_WARN_DIRECT_OBJC_ISA_USAGE = YES_ERROR;
				CLANG_WARN_DOCUMENTATION_COMMENTS = YES;
				CLANG_WARN_EMPTY_BODY = YES;
				CLANG_WARN_ENUM_CONVERSION = YES;
				CLANG_WARN_INFINITE_RECURSION = YES;
				CLANG_WARN_INT_CONVERSION = YES;
				CLANG_WARN_NON_LITERAL_NULL_CONVERSION = YES;
				CLANG_WARN_OBJC_IMPLICIT_RETAIN_SELF = YES;
				CLANG_WARN_OBJC_LITERAL_CONVERSION = YES;
				CLANG_WARN_OBJC_ROOT_CLASS = YES_ERROR;
				CLANG_WARN_RANGE_LOOP_ANALYSIS = YES;
				CLANG_WARN_STRICT_PROTOTYPES = YES;
				CLANG_WARN_SUSPICIOUS_MOVE = YES;
				CLANG_WARN_UNGUARDED_AVAILABILITY = YES_AGGRESSIVE;
				CLANG_WARN_UNREACHABLE_CODE = YES;
				CLANG_WARN__DUPLICATE_METHOD_MATCH = YES;
				COPY_PHASE_STRIP = NO;
				DEBUG_INFORMATION_FORMAT = dwarf;
				ENABLE_STRICT_OBJC_MSGSEND = YES;
				ENABLE_TESTABILITY = YES;
				GCC_C_LANGUAGE_STANDARD = gnu11;
				GCC_DYNAMIC_NO_PIC = NO;
				GCC_NO_COMMON_BLOCKS = YES;
				GCC_OPTIMIZATION_LEVEL = 0;
				GCC_PREPROCESSOR_DEFINITIONS = (
					"DEBUG=1",
					"$(inherited)",
				);
				GCC_WARN_64_TO_32_BIT_CONVERSION = YES;
				GCC_WARN_ABOUT_RETURN_TYPE = YES_ERROR;
				GCC_WARN_UNDECLARED_SELECTOR = YES;
				GCC_WARN_UNINITIALIZED_AUTOS = YES_AGGRESSIVE;
				GCC_WARN_UNUSED_FUNCTION = YES;
				GCC_WARN_UNUSED_VARIABLE = YES;
				IPHONEOS_DEPLOYMENT_TARGET = 13.6;
				MTL_ENABLE_DEBUG_INFO = INCLUDE_SOURCE;
				MTL_FAST_MATH = YES;
				ONLY_ACTIVE_ARCH = YES;
				SDKROOT = iphoneos;
				SWIFT_ACTIVE_COMPILATION_CONDITIONS = DEBUG;
				SWIFT_OPTIMIZATION_LEVEL = "-Onone";
			};
			name = Debug;
		};
		697739DD24ED7FA7003052F9 /* Release */ = {
			isa = XCBuildConfiguration;
			buildSettings = {
				ALWAYS_SEARCH_USER_PATHS = NO;
				CLANG_ANALYZER_NONNULL = YES;
				CLANG_ANALYZER_NUMBER_OBJECT_CONVERSION = YES_AGGRESSIVE;
				CLANG_CXX_LANGUAGE_STANDARD = "gnu++14";
				CLANG_CXX_LIBRARY = "libc++";
				CLANG_ENABLE_MODULES = YES;
				CLANG_ENABLE_OBJC_ARC = YES;
				CLANG_ENABLE_OBJC_WEAK = YES;
				CLANG_WARN_BLOCK_CAPTURE_AUTORELEASING = YES;
				CLANG_WARN_BOOL_CONVERSION = YES;
				CLANG_WARN_COMMA = YES;
				CLANG_WARN_CONSTANT_CONVERSION = YES;
				CLANG_WARN_DEPRECATED_OBJC_IMPLEMENTATIONS = YES;
				CLANG_WARN_DIRECT_OBJC_ISA_USAGE = YES_ERROR;
				CLANG_WARN_DOCUMENTATION_COMMENTS = YES;
				CLANG_WARN_EMPTY_BODY = YES;
				CLANG_WARN_ENUM_CONVERSION = YES;
				CLANG_WARN_INFINITE_RECURSION = YES;
				CLANG_WARN_INT_CONVERSION = YES;
				CLANG_WARN_NON_LITERAL_NULL_CONVERSION = YES;
				CLANG_WARN_OBJC_IMPLICIT_RETAIN_SELF = YES;
				CLANG_WARN_OBJC_LITERAL_CONVERSION = YES;
				CLANG_WARN_OBJC_ROOT_CLASS = YES_ERROR;
				CLANG_WARN_RANGE_LOOP_ANALYSIS = YES;
				CLANG_WARN_STRICT_PROTOTYPES = YES;
				CLANG_WARN_SUSPICIOUS_MOVE = YES;
				CLANG_WARN_UNGUARDED_AVAILABILITY = YES_AGGRESSIVE;
				CLANG_WARN_UNREACHABLE_CODE = YES;
				CLANG_WARN__DUPLICATE_METHOD_MATCH = YES;
				COPY_PHASE_STRIP = NO;
				DEBUG_INFORMATION_FORMAT = "dwarf-with-dsym";
				ENABLE_NS_ASSERTIONS = NO;
				ENABLE_STRICT_OBJC_MSGSEND = YES;
				GCC_C_LANGUAGE_STANDARD = gnu11;
				GCC_NO_COMMON_BLOCKS = YES;
				GCC_WARN_64_TO_32_BIT_CONVERSION = YES;
				GCC_WARN_ABOUT_RETURN_TYPE = YES_ERROR;
				GCC_WARN_UNDECLARED_SELECTOR = YES;
				GCC_WARN_UNINITIALIZED_AUTOS = YES_AGGRESSIVE;
				GCC_WARN_UNUSED_FUNCTION = YES;
				GCC_WARN_UNUSED_VARIABLE = YES;
				IPHONEOS_DEPLOYMENT_TARGET = 13.6;
				MTL_ENABLE_DEBUG_INFO = NO;
				MTL_FAST_MATH = YES;
				SDKROOT = iphoneos;
				SWIFT_COMPILATION_MODE = wholemodule;
				SWIFT_OPTIMIZATION_LEVEL = "-O";
				VALIDATE_PRODUCT = YES;
			};
			name = Release;
		};
		697739DF24ED7FA7003052F9 /* Debug */ = {
			isa = XCBuildConfiguration;
			baseConfigurationReference = 049C6080DA5F46C4B8351E8E /* Pods-Instagram.debug.xcconfig */;
			buildSettings = {
				ASSETCATALOG_COMPILER_APPICON_NAME = AppIcon;
				CODE_SIGN_STYLE = Automatic;
				DEVELOPMENT_TEAM = DG745XC5F6;
				INFOPLIST_FILE = Instagram/Info.plist;
				IPHONEOS_DEPLOYMENT_TARGET = 13.0;
				LD_RUNPATH_SEARCH_PATHS = (
					"$(inherited)",
					"@executable_path/Frameworks",
				);
				PRODUCT_BUNDLE_IDENTIFIER = Ilya.Instagram;
				PRODUCT_NAME = "$(TARGET_NAME)";
				SWIFT_VERSION = 5.0;
				TARGETED_DEVICE_FAMILY = "1,2";
			};
			name = Debug;
		};
		697739E024ED7FA7003052F9 /* Release */ = {
			isa = XCBuildConfiguration;
			baseConfigurationReference = D7347659BC89C141DBCD6563 /* Pods-Instagram.release.xcconfig */;
			buildSettings = {
				ASSETCATALOG_COMPILER_APPICON_NAME = AppIcon;
				CODE_SIGN_STYLE = Automatic;
				DEVELOPMENT_TEAM = DG745XC5F6;
				INFOPLIST_FILE = Instagram/Info.plist;
				IPHONEOS_DEPLOYMENT_TARGET = 13.0;
				LD_RUNPATH_SEARCH_PATHS = (
					"$(inherited)",
					"@executable_path/Frameworks",
				);
				PRODUCT_BUNDLE_IDENTIFIER = Ilya.Instagram;
				PRODUCT_NAME = "$(TARGET_NAME)";
				SWIFT_VERSION = 5.0;
				TARGETED_DEVICE_FAMILY = "1,2";
			};
			name = Release;
		};
/* End XCBuildConfiguration section */

/* Begin XCConfigurationList section */
		697739C524ED7FA5003052F9 /* Build configuration list for PBXProject "Instagram" */ = {
			isa = XCConfigurationList;
			buildConfigurations = (
				697739DC24ED7FA7003052F9 /* Debug */,
				697739DD24ED7FA7003052F9 /* Release */,
			);
			defaultConfigurationIsVisible = 0;
			defaultConfigurationName = Release;
		};
		697739DE24ED7FA7003052F9 /* Build configuration list for PBXNativeTarget "Instagram" */ = {
			isa = XCConfigurationList;
			buildConfigurations = (
				697739DF24ED7FA7003052F9 /* Debug */,
				697739E024ED7FA7003052F9 /* Release */,
			);
			defaultConfigurationIsVisible = 0;
			defaultConfigurationName = Release;
		};
/* End XCConfigurationList section */
	};
	rootObject = 697739C224ED7FA5003052F9 /* Project object */;
}
